
Microsoft Visual Studio Solution File, Format Version 12.00
# Visual Studio 15
VisualStudioVersion = 15.0.27703.2035
MinimumVisualStudioVersion = 10.0.40219.1
Project("{FAE04EC0-301F-11D3-BF4B-00C04F79EFBC}") = "frult-Loops", "frult-Loops\frult-Loops.csproj", "{2E1F4CA3-C180-4259-B534-0D330F6EE89D}"
EndProject
Global
	GlobalSection(SolutionConfigurationPlatforms) = preSolution
		Debug|Any CPU = Debug|Any CPU
		Release|Any CPU = Release|Any CPU
	EndGlobalSection
	GlobalSection(ProjectConfigurationPlatforms) = postSolution
		{2E1F4CA3-C180-4259-B534-0D330F6EE89D}.Debug|Any CPU.ActiveCfg = Debug|Any CPU
		{2E1F4CA3-C180-4259-B534-0D330F6EE89D}.Debug|Any CPU.Build.0 = Debug|Any CPU
		{2E1F4CA3-C180-4259-B534-0D330F6EE89D}.Release|Any CPU.ActiveCfg = Release|Any CPU
		{2E1F4CA3-C180-4259-B534-0D330F6EE89D}.Release|Any CPU.Build.0 = Release|Any CPU
	EndGlobalSection
	GlobalSection(SolutionProperties) = preSolution
		HideSolutionNode = FALSE
	EndGlobalSection
	GlobalSection(ExtensibilityGlobals) = postSolution
		SolutionGuid = {AD8DD5D9-9D7E-4DB2-8ECA-2EE16A6CA512}
	EndGlobalSection
EndGlobal
