
Microsoft Visual Studio Solution File, Format Version 12.00
# Visual Studio 15
VisualStudioVersion = 15.0.27703.2035
MinimumVisualStudioVersion = 10.0.40219.1
Project("{FAE04EC0-301F-11D3-BF4B-00C04F79EFBC}") = "sumInts", "sumInts\sumInts.csproj", "{216471BC-D9D7-42DA-B04B-BE7DC7449A72}"
EndProject
Global
	GlobalSection(SolutionConfigurationPlatforms) = preSolution
		Debug|Any CPU = Debug|Any CPU
		Release|Any CPU = Release|Any CPU
	EndGlobalSection
	GlobalSection(ProjectConfigurationPlatforms) = postSolution
		{216471BC-D9D7-42DA-B04B-BE7DC7449A72}.Debug|Any CPU.ActiveCfg = Debug|Any CPU
		{216471BC-D9D7-42DA-B04B-BE7DC7449A72}.Debug|Any CPU.Build.0 = Debug|Any CPU
		{216471BC-D9D7-42DA-B04B-BE7DC7449A72}.Release|Any CPU.ActiveCfg = Release|Any CPU
		{216471BC-D9D7-42DA-B04B-BE7DC7449A72}.Release|Any CPU.Build.0 = Release|Any CPU
	EndGlobalSection
	GlobalSection(SolutionProperties) = preSolution
		HideSolutionNode = FALSE
	EndGlobalSection
	GlobalSection(ExtensibilityGlobals) = postSolution
		SolutionGuid = {301A209C-0F55-4616-A988-E6D99BFB5ECA}
	EndGlobalSection
EndGlobal
