
Microsoft Visual Studio Solution File, Format Version 12.00
# Visual Studio 15
VisualStudioVersion = 15.0.27703.2035
MinimumVisualStudioVersion = 10.0.40219.1
Project("{FAE04EC0-301F-11D3-BF4B-00C04F79EFBC}") = "HighLow", "HighLow\HighLow.csproj", "{B1C5BE7C-0CA4-46F1-BC0F-3F13C94A59F5}"
EndProject
Global
	GlobalSection(SolutionConfigurationPlatforms) = preSolution
		Debug|Any CPU = Debug|Any CPU
		Release|Any CPU = Release|Any CPU
	EndGlobalSection
	GlobalSection(ProjectConfigurationPlatforms) = postSolution
		{B1C5BE7C-0CA4-46F1-BC0F-3F13C94A59F5}.Debug|Any CPU.ActiveCfg = Debug|Any CPU
		{B1C5BE7C-0CA4-46F1-BC0F-3F13C94A59F5}.Debug|Any CPU.Build.0 = Debug|Any CPU
		{B1C5BE7C-0CA4-46F1-BC0F-3F13C94A59F5}.Release|Any CPU.ActiveCfg = Release|Any CPU
		{B1C5BE7C-0CA4-46F1-BC0F-3F13C94A59F5}.Release|Any CPU.Build.0 = Release|Any CPU
	EndGlobalSection
	GlobalSection(SolutionProperties) = preSolution
		HideSolutionNode = FALSE
	EndGlobalSection
	GlobalSection(ExtensibilityGlobals) = postSolution
		SolutionGuid = {284E30E1-95E2-4419-B046-6EB9087B4B18}
	EndGlobalSection
EndGlobal
